// !$*UTF8*$!
{
	archiveVersion = 1;
	classes = {
	};
	objectVersion = 46;
	objects = {

/* Begin PBXBuildFile section */
		B885FA2A1ECBDCAE000ED7C0 /* main.m in Sources */ = {isa = PBXBuildFile; fileRef = B885FA291ECBDCAE000ED7C0 /* main.m */; };
		B885FA2D1ECBDCAE000ED7C0 /* AppDelegate.m in Sources */ = {isa = PBXBuildFile; fileRef = B885FA2C1ECBDCAE000ED7C0 /* AppDelegate.m */; };
		B885FA301ECBDCAE000ED7C0 /* ViewController.mm in Sources */ = {isa = PBXBuildFile; fileRef = B885FA2F1ECBDCAE000ED7C0 /* ViewController.mm */; };
		B885FA331ECBDCAE000ED7C0 /* Main.storyboard in Resources */ = {isa = PBXBuildFile; fileRef = B885FA311ECBDCAE000ED7C0 /* Main.storyboard */; };
		B885FA351ECBDCAE000ED7C0 /* Assets.xcassets in Resources */ = {isa = PBXBuildFile; fileRef = B885FA341ECBDCAE000ED7C0 /* Assets.xcassets */; };
		B885FA381ECBDCAE000ED7C0 /* LaunchScreen.storyboard in Resources */ = {isa = PBXBuildFile; fileRef = B885FA361ECBDCAE000ED7C0 /* LaunchScreen.storyboard */; };
		B885FA431ECBDCAE000ED7C0 /* FilterTests.m in Sources */ = {isa = PBXBuildFile; fileRef = B885FA421ECBDCAE000ED7C0 /* FilterTests.m */; };
		B885FA4E1ECBDCAE000ED7C0 /* FilterUITests.m in Sources */ = {isa = PBXBuildFile; fileRef = B885FA4D1ECBDCAE000ED7C0 /* FilterUITests.m */; };
		B885FA5D1ECBDCC5000ED7C0 /* CubeMap.c in Sources */ = {isa = PBXBuildFile; fileRef = B885FA5B1ECBDCC5000ED7C0 /* CubeMap.c */; };
/* End PBXBuildFile section */

/* Begin PBXContainerItemProxy section */
		B885FA3F1ECBDCAE000ED7C0 /* PBXContainerItemProxy */ = {
			isa = PBXContainerItemProxy;
			containerPortal = B885FA1D1ECBDCAE000ED7C0 /* Project object */;
			proxyType = 1;
			remoteGlobalIDString = B885FA241ECBDCAE000ED7C0;
			remoteInfo = Filter;
		};
		B885FA4A1ECBDCAE000ED7C0 /* PBXContainerItemProxy */ = {
			isa = PBXContainerItemProxy;
			containerPortal = B885FA1D1ECBDCAE000ED7C0 /* Project object */;
			proxyType = 1;
			remoteGlobalIDString = B885FA241ECBDCAE000ED7C0;
			remoteInfo = Filter;
		};
/* End PBXContainerItemProxy section */

/* Begin PBXFileReference section */
		B885FA251ECBDCAE000ED7C0 /* Filter.app */ = {isa = PBXFileReference; explicitFileType = wrapper.application; includeInIndex = 0; path = Filter.app; sourceTree = BUILT_PRODUCTS_DIR; };
		B885FA291ECBDCAE000ED7C0 /* main.m */ = {isa = PBXFileReference; lastKnownFileType = sourcecode.c.objc; path = main.m; sourceTree = "<group>"; };
		B885FA2B1ECBDCAE000ED7C0 /* AppDelegate.h */ = {isa = PBXFileReference; lastKnownFileType = sourcecode.c.h; path = AppDelegate.h; sourceTree = "<group>"; };
		B885FA2C1ECBDCAE000ED7C0 /* AppDelegate.m */ = {isa = PBXFileReference; lastKnownFileType = sourcecode.c.objc; path = AppDelegate.m; sourceTree = "<group>"; };
		B885FA2E1ECBDCAE000ED7C0 /* ViewController.h */ = {isa = PBXFileReference; lastKnownFileType = sourcecode.c.h; path = ViewController.h; sourceTree = "<group>"; };
		B885FA2F1ECBDCAE000ED7C0 /* ViewController.mm */ = {isa = PBXFileReference; lastKnownFileType = sourcecode.cpp.objcpp; path = ViewController.mm; sourceTree = "<group>"; };
		B885FA321ECBDCAE000ED7C0 /* Base */ = {isa = PBXFileReference; lastKnownFileType = file.storyboard; name = Base; path = Base.lproj/Main.storyboard; sourceTree = "<group>"; };
		B885FA341ECBDCAE000ED7C0 /* Assets.xcassets */ = {isa = PBXFileReference; lastKnownFileType = folder.assetcatalog; path = Assets.xcassets; sourceTree = "<group>"; };
		B885FA371ECBDCAE000ED7C0 /* Base */ = {isa = PBXFileReference; lastKnownFileType = file.storyboard; name = Base; path = Base.lproj/LaunchScreen.storyboard; sourceTree = "<group>"; };
		B885FA391ECBDCAE000ED7C0 /* Info.plist */ = {isa = PBXFileReference; lastKnownFileType = text.plist.xml; path = Info.plist; sourceTree = "<group>"; };
		B885FA3E1ECBDCAE000ED7C0 /* FilterTests.xctest */ = {isa = PBXFileReference; explicitFileType = wrapper.cfbundle; includeInIndex = 0; path = FilterTests.xctest; sourceTree = BUILT_PRODUCTS_DIR; };
		B885FA421ECBDCAE000ED7C0 /* FilterTests.m */ = {isa = PBXFileReference; lastKnownFileType = sourcecode.c.objc; path = FilterTests.m; sourceTree = "<group>"; };
		B885FA441ECBDCAE000ED7C0 /* Info.plist */ = {isa = PBXFileReference; lastKnownFileType = text.plist.xml; path = Info.plist; sourceTree = "<group>"; };
		B885FA491ECBDCAE000ED7C0 /* FilterUITests.xctest */ = {isa = PBXFileReference; explicitFileType = wrapper.cfbundle; includeInIndex = 0; path = FilterUITests.xctest; sourceTree = BUILT_PRODUCTS_DIR; };
		B885FA4D1ECBDCAE000ED7C0 /* FilterUITests.m */ = {isa = PBXFileReference; lastKnownFileType = sourcecode.c.objc; path = FilterUITests.m; sourceTree = "<group>"; };
		B885FA4F1ECBDCAE000ED7C0 /* Info.plist */ = {isa = PBXFileReference; lastKnownFileType = text.plist.xml; path = Info.plist; sourceTree = "<group>"; };
		B885FA5B1ECBDCC5000ED7C0 /* CubeMap.c */ = {isa = PBXFileReference; fileEncoding = 4; lastKnownFileType = sourcecode.c.c; path = CubeMap.c; sourceTree = "<group>"; };
		B885FA5C1ECBDCC5000ED7C0 /* CubeMap.h */ = {isa = PBXFileReference; fileEncoding = 4; lastKnownFileType = sourcecode.c.h; path = CubeMap.h; sourceTree = "<group>"; };
/* End PBXFileReference section */

/* Begin PBXFrameworksBuildPhase section */
		B885FA221ECBDCAE000ED7C0 /* Frameworks */ = {
			isa = PBXFrameworksBuildPhase;
			buildActionMask = 2147483647;
			files = (
			);
			runOnlyForDeploymentPostprocessing = 0;
		};
		B885FA3B1ECBDCAE000ED7C0 /* Frameworks */ = {
			isa = PBXFrameworksBuildPhase;
			buildActionMask = 2147483647;
			files = (
			);
			runOnlyForDeploymentPostprocessing = 0;
		};
		B885FA461ECBDCAE000ED7C0 /* Frameworks */ = {
			isa = PBXFrameworksBuildPhase;
			buildActionMask = 2147483647;
			files = (
			);
			runOnlyForDeploymentPostprocessing = 0;
		};
/* End PBXFrameworksBuildPhase section */

/* Begin PBXGroup section */
		B885FA1C1ECBDCAE000ED7C0 = {
			isa = PBXGroup;
			children = (
				B885FA271ECBDCAE000ED7C0 /* Filter */,
				B885FA411ECBDCAE000ED7C0 /* FilterTests */,
				B885FA4C1ECBDCAE000ED7C0 /* FilterUITests */,
				B885FA261ECBDCAE000ED7C0 /* Products */,
			);
			sourceTree = "<group>";
		};
		B885FA261ECBDCAE000ED7C0 /* Products */ = {
			isa = PBXGroup;
			children = (
				B885FA251ECBDCAE000ED7C0 /* Filter.app */,
				B885FA3E1ECBDCAE000ED7C0 /* FilterTests.xctest */,
				B885FA491ECBDCAE000ED7C0 /* FilterUITests.xctest */,
			);
			name = Products;
			sourceTree = "<group>";
		};
		B885FA271ECBDCAE000ED7C0 /* Filter */ = {
			isa = PBXGroup;
			children = (
				B885FA2B1ECBDCAE000ED7C0 /* AppDelegate.h */,
				B885FA2C1ECBDCAE000ED7C0 /* AppDelegate.m */,
				B885FA2E1ECBDCAE000ED7C0 /* ViewController.h */,
				B885FA2F1ECBDCAE000ED7C0 /* ViewController.mm */,
				B885FA5B1ECBDCC5000ED7C0 /* CubeMap.c */,
				B885FA5C1ECBDCC5000ED7C0 /* CubeMap.h */,
				B885FA311ECBDCAE000ED7C0 /* Main.storyboard */,
				B885FA341ECBDCAE000ED7C0 /* Assets.xcassets */,
				B885FA361ECBDCAE000ED7C0 /* LaunchScreen.storyboard */,
				B885FA391ECBDCAE000ED7C0 /* Info.plist */,
				B885FA281ECBDCAE000ED7C0 /* Supporting Files */,
			);
			path = Filter;
			sourceTree = "<group>";
		};
		B885FA281ECBDCAE000ED7C0 /* Supporting Files */ = {
			isa = PBXGroup;
			children = (
				B885FA291ECBDCAE000ED7C0 /* main.m */,
			);
			name = "Supporting Files";
			sourceTree = "<group>";
		};
		B885FA411ECBDCAE000ED7C0 /* FilterTests */ = {
			isa = PBXGroup;
			children = (
				B885FA421ECBDCAE000ED7C0 /* FilterTests.m */,
				B885FA441ECBDCAE000ED7C0 /* Info.plist */,
			);
			path = FilterTests;
			sourceTree = "<group>";
		};
		B885FA4C1ECBDCAE000ED7C0 /* FilterUITests */ = {
			isa = PBXGroup;
			children = (
				B885FA4D1ECBDCAE000ED7C0 /* FilterUITests.m */,
				B885FA4F1ECBDCAE000ED7C0 /* Info.plist */,
			);
			path = FilterUITests;
			sourceTree = "<group>";
		};
/* End PBXGroup section */

/* Begin PBXNativeTarget section */
		B885FA241ECBDCAE000ED7C0 /* Filter */ = {
			isa = PBXNativeTarget;
			buildConfigurationList = B885FA521ECBDCAE000ED7C0 /* Build configuration list for PBXNativeTarget "Filter" */;
			buildPhases = (
				B885FA211ECBDCAE000ED7C0 /* Sources */,
				B885FA221ECBDCAE000ED7C0 /* Frameworks */,
				B885FA231ECBDCAE000ED7C0 /* Resources */,
			);
			buildRules = (
			);
			dependencies = (
			);
			name = Filter;
			productName = Filter;
			productReference = B885FA251ECBDCAE000ED7C0 /* Filter.app */;
			productType = "com.apple.product-type.application";
		};
		B885FA3D1ECBDCAE000ED7C0 /* FilterTests */ = {
			isa = PBXNativeTarget;
			buildConfigurationList = B885FA551ECBDCAE000ED7C0 /* Build configuration list for PBXNativeTarget "FilterTests" */;
			buildPhases = (
				B885FA3A1ECBDCAE000ED7C0 /* Sources */,
				B885FA3B1ECBDCAE000ED7C0 /* Frameworks */,
				B885FA3C1ECBDCAE000ED7C0 /* Resources */,
			);
			buildRules = (
			);
			dependencies = (
				B885FA401ECBDCAE000ED7C0 /* PBXTargetDependency */,
			);
			name = FilterTests;
			productName = FilterTests;
			productReference = B885FA3E1ECBDCAE000ED7C0 /* FilterTests.xctest */;
			productType = "com.apple.product-type.bundle.unit-test";
		};
		B885FA481ECBDCAE000ED7C0 /* FilterUITests */ = {
			isa = PBXNativeTarget;
			buildConfigurationList = B885FA581ECBDCAE000ED7C0 /* Build configuration list for PBXNativeTarget "FilterUITests" */;
			buildPhases = (
				B885FA451ECBDCAE000ED7C0 /* Sources */,
				B885FA461ECBDCAE000ED7C0 /* Frameworks */,
				B885FA471ECBDCAE000ED7C0 /* Resources */,
			);
			buildRules = (
			);
			dependencies = (
				B885FA4B1ECBDCAE000ED7C0 /* PBXTargetDependency */,
			);
			name = FilterUITests;
			productName = FilterUITests;
			productReference = B885FA491ECBDCAE000ED7C0 /* FilterUITests.xctest */;
			productType = "com.apple.product-type.bundle.ui-testing";
		};
/* End PBXNativeTarget section */

/* Begin PBXProject section */
		B885FA1D1ECBDCAE000ED7C0 /* Project object */ = {
			isa = PBXProject;
			attributes = {
				LastUpgradeCheck = 0830;
				ORGANIZATIONNAME = "智齿";
				TargetAttributes = {
					B885FA241ECBDCAE000ED7C0 = {
						CreatedOnToolsVersion = 8.3.2;
						ProvisioningStyle = Automatic;
					};
					B885FA3D1ECBDCAE000ED7C0 = {
						CreatedOnToolsVersion = 8.3.2;
						ProvisioningStyle = Automatic;
						TestTargetID = B885FA241ECBDCAE000ED7C0;
					};
					B885FA481ECBDCAE000ED7C0 = {
						CreatedOnToolsVersion = 8.3.2;
						ProvisioningStyle = Automatic;
						TestTargetID = B885FA241ECBDCAE000ED7C0;
					};
				};
			};
			buildConfigurationList = B885FA201ECBDCAE000ED7C0 /* Build configuration list for PBXProject "Filter" */;
			compatibilityVersion = "Xcode 3.2";
			developmentRegion = English;
			hasScannedForEncodings = 0;
			knownRegions = (
				en,
				Base,
			);
			mainGroup = B885FA1C1ECBDCAE000ED7C0;
			productRefGroup = B885FA261ECBDCAE000ED7C0 /* Products */;
			projectDirPath = "";
			projectRoot = "";
			targets = (
				B885FA241ECBDCAE000ED7C0 /* Filter */,
				B885FA3D1ECBDCAE000ED7C0 /* FilterTests */,
				B885FA481ECBDCAE000ED7C0 /* FilterUITests */,
			);
		};
/* End PBXProject section */

/* Begin PBXResourcesBuildPhase section */
		B885FA231ECBDCAE000ED7C0 /* Resources */ = {
			isa = PBXResourcesBuildPhase;
			buildActionMask = 2147483647;
			files = (
				B885FA381ECBDCAE000ED7C0 /* LaunchScreen.storyboard in Resources */,
				B885FA351ECBDCAE000ED7C0 /* Assets.xcassets in Resources */,
				B885FA331ECBDCAE000ED7C0 /* Main.storyboard in Resources */,
			);
			runOnlyForDeploymentPostprocessing = 0;
		};
		B885FA3C1ECBDCAE000ED7C0 /* Resources */ = {
			isa = PBXResourcesBuildPhase;
			buildActionMask = 2147483647;
			files = (
			);
			runOnlyForDeploymentPostprocessing = 0;
		};
		B885FA471ECBDCAE000ED7C0 /* Resources */ = {
			isa = PBXResourcesBuildPhase;
			buildActionMask = 2147483647;
			files = (
			);
			runOnlyForDeploymentPostprocessing = 0;
		};
/* End PBXResourcesBuildPhase section */

/* Begin PBXSourcesBuildPhase section */
		B885FA211ECBDCAE000ED7C0 /* Sources */ = {
			isa = PBXSourcesBuildPhase;
			buildActionMask = 2147483647;
			files = (
				B885FA301ECBDCAE000ED7C0 /* ViewController.mm in Sources */,
				B885FA2D1ECBDCAE000ED7C0 /* AppDelegate.m in Sources */,
				B885FA2A1ECBDCAE000ED7C0 /* main.m in Sources */,
				B885FA5D1ECBDCC5000ED7C0 /* CubeMap.c in Sources */,
			);
			runOnlyForDeploymentPostprocessing = 0;
		};
		B885FA3A1ECBDCAE000ED7C0 /* Sources */ = {
			isa = PBXSourcesBuildPhase;
			buildActionMask = 2147483647;
			files = (
				B885FA431ECBDCAE000ED7C0 /* FilterTests.m in Sources */,
			);
			runOnlyForDeploymentPostprocessing = 0;
		};
		B885FA451ECBDCAE000ED7C0 /* Sources */ = {
			isa = PBXSourcesBuildPhase;
			buildActionMask = 2147483647;
			files = (
				B885FA4E1ECBDCAE000ED7C0 /* FilterUITests.m in Sources */,
			);
			runOnlyForDeploymentPostprocessing = 0;
		};
/* End PBXSourcesBuildPhase section */

/* Begin PBXTargetDependency section */
		B885FA401ECBDCAE000ED7C0 /* PBXTargetDependency */ = {
			isa = PBXTargetDependency;
			target = B885FA241ECBDCAE000ED7C0 /* Filter */;
			targetProxy = B885FA3F1ECBDCAE000ED7C0 /* PBXContainerItemProxy */;
		};
		B885FA4B1ECBDCAE000ED7C0 /* PBXTargetDependency */ = {
			isa = PBXTargetDependency;
			target = B885FA241ECBDCAE000ED7C0 /* Filter */;
			targetProxy = B885FA4A1ECBDCAE000ED7C0 /* PBXContainerItemProxy */;
		};
/* End PBXTargetDependency section */

/* Begin PBXVariantGroup section */
		B885FA311ECBDCAE000ED7C0 /* Main.storyboard */ = {
			isa = PBXVariantGroup;
			children = (
				B885FA321ECBDCAE000ED7C0 /* Base */,
			);
			name = Main.storyboard;
			sourceTree = "<group>";
		};
		B885FA361ECBDCAE000ED7C0 /* LaunchScreen.storyboard */ = {
			isa = PBXVariantGroup;
			children = (
				B885FA371ECBDCAE000ED7C0 /* Base */,
			);
			name = LaunchScreen.storyboard;
			sourceTree = "<group>";
		};
/* End PBXVariantGroup section */

/* Begin XCBuildConfiguration section */
		B885FA501ECBDCAE000ED7C0 /* Debug */ = {
			isa = XCBuildConfiguration;
			buildSettings = {
				ALWAYS_SEARCH_USER_PATHS = NO;
				CLANG_ANALYZER_NONNULL = YES;
				CLANG_ANALYZER_NUMBER_OBJECT_CONVERSION = YES_AGGRESSIVE;
				CLANG_CXX_LANGUAGE_STANDARD = "gnu++0x";
				CLANG_CXX_LIBRARY = "libc++";
				CLANG_ENABLE_MODULES = YES;
				CLANG_ENABLE_OBJC_ARC = YES;
				CLANG_WARN_BOOL_CONVERSION = YES;
				CLANG_WARN_CONSTANT_CONVERSION = YES;
				CLANG_WARN_DIRECT_OBJC_ISA_USAGE = YES_ERROR;
				CLANG_WARN_DOCUMENTATION_COMMENTS = YES;
				CLANG_WARN_EMPTY_BODY = YES;
				CLANG_WARN_ENUM_CONVERSION = YES;
				CLANG_WARN_INFINITE_RECURSION = YES;
				CLANG_WARN_INT_CONVERSION = YES;
				CLANG_WARN_OBJC_ROOT_CLASS = YES_ERROR;
				CLANG_WARN_SUSPICIOUS_MOVE = YES;
				CLANG_WARN_UNREACHABLE_CODE = YES;
				CLANG_WARN__DUPLICATE_METHOD_MATCH = YES;
				"CODE_SIGN_IDENTITY[sdk=iphoneos*]" = "iPhone Developer";
				COPY_PHASE_STRIP = NO;
				DEBUG_INFORMATION_FORMAT = dwarf;
				ENABLE_STRICT_OBJC_MSGSEND = YES;
				ENABLE_TESTABILITY = YES;
				GCC_C_LANGUAGE_STANDARD = gnu99;
				GCC_DYNAMIC_NO_PIC = NO;
				GCC_NO_COMMON_BLOCKS = YES;
				GCC_OPTIMIZATION_LEVEL = 0;
				GCC_PREPROCESSOR_DEFINITIONS = (
					"DEBUG=1",
					"$(inherited)",
				);
				GCC_WARN_64_TO_32_BIT_CONVERSION = YES;
				GCC_WARN_ABOUT_RETURN_TYPE = YES_ERROR;
				GCC_WARN_UNDECLARED_SELECTOR = YES;
				GCC_WARN_UNINITIALIZED_AUTOS = YES_AGGRESSIVE;
				GCC_WARN_UNUSED_FUNCTION = YES;
				GCC_WARN_UNUSED_VARIABLE = YES;
				IPHONEOS_DEPLOYMENT_TARGET = 10.3;
				MTL_ENABLE_DEBUG_INFO = YES;
				ONLY_ACTIVE_ARCH = YES;
				SDKROOT = iphoneos;
				TARGETED_DEVICE_FAMILY = "1,2";
			};
			name = Debug;
		};
		B885FA511ECBDCAE000ED7C0 /* Release */ = {
			isa = XCBuildConfiguration;
			buildSettings = {
				ALWAYS_SEARCH_USER_PATHS = NO;
				CLANG_ANALYZER_NONNULL = YES;
				CLANG_ANALYZER_NUMBER_OBJECT_CONVERSION = YES_AGGRESSIVE;
				CLANG_CXX_LANGUAGE_STANDARD = "gnu++0x";
				CLANG_CXX_LIBRARY = "libc++";
				CLANG_ENABLE_MODULES = YES;
				CLANG_ENABLE_OBJC_ARC = YES;
				CLANG_WARN_BOOL_CONVERSION = YES;
				CLANG_WARN_CONSTANT_CONVERSION = YES;
				CLANG_WARN_DIRECT_OBJC_ISA_USAGE = YES_ERROR;
				CLANG_WARN_DOCUMENTATION_COMMENTS = YES;
				CLANG_WARN_EMPTY_BODY = YES;
				CLANG_WARN_ENUM_CONVERSION = YES;
				CLANG_WARN_INFINITE_RECURSION = YES;
				CLANG_WARN_INT_CONVERSION = YES;
				CLANG_WARN_OBJC_ROOT_CLASS = YES_ERROR;
				CLANG_WARN_SUSPICIOUS_MOVE = YES;
				CLANG_WARN_UNREACHABLE_CODE = YES;
				CLANG_WARN__DUPLICATE_METHOD_MATCH = YES;
				"CODE_SIGN_IDENTITY[sdk=iphoneos*]" = "iPhone Developer";
				COPY_PHASE_STRIP = NO;
				DEBUG_INFORMATION_FORMAT = "dwarf-with-dsym";
				ENABLE_NS_ASSERTIONS = NO;
				ENABLE_STRICT_OBJC_MSGSEND = YES;
				GCC_C_LANGUAGE_STANDARD = gnu99;
				GCC_NO_COMMON_BLOCKS = YES;
				GCC_WARN_64_TO_32_BIT_CONVERSION = YES;
				GCC_WARN_ABOUT_RETURN_TYPE = YES_ERROR;
				GCC_WARN_UNDECLARED_SELECTOR = YES;
				GCC_WARN_UNINITIALIZED_AUTOS = YES_AGGRESSIVE;
				GCC_WARN_UNUSED_FUNCTION = YES;
				GCC_WARN_UNUSED_VARIABLE = YES;
				IPHONEOS_DEPLOYMENT_TARGET = 10.3;
				MTL_ENABLE_DEBUG_INFO = NO;
				SDKROOT = iphoneos;
				TARGETED_DEVICE_FAMILY = "1,2";
				VALIDATE_PRODUCT = YES;
			};
			name = Release;
		};
		B885FA531ECBDCAE000ED7C0 /* Debug */ = {
			isa = XCBuildConfiguration;
			buildSettings = {
				ASSETCATALOG_COMPILER_APPICON_NAME = AppIcon;
				INFOPLIST_FILE = Filter/Info.plist;
				LD_RUNPATH_SEARCH_PATHS = "$(inherited) @executable_path/Frameworks";
				PRODUCT_BUNDLE_IDENTIFIER = com.PaperPass.Filter;
				PRODUCT_NAME = "$(TARGET_NAME)";
			};
			name = Debug;
		};
		B885FA541ECBDCAE000ED7C0 /* Release */ = {
			isa = XCBuildConfiguration;
			buildSettings = {
				ASSETCATALOG_COMPILER_APPICON_NAME = AppIcon;
				INFOPLIST_FILE = Filter/Info.plist;
				LD_RUNPATH_SEARCH_PATHS = "$(inherited) @executable_path/Frameworks";
				PRODUCT_BUNDLE_IDENTIFIER = com.PaperPass.Filter;
				PRODUCT_NAME = "$(TARGET_NAME)";
			};
			name = Release;
		};
		B885FA561ECBDCAE000ED7C0 /* Debug */ = {
			isa = XCBuildConfiguration;
			buildSettings = {
				BUNDLE_LOADER = "$(TEST_HOST)";
				INFOPLIST_FILE = FilterTests/Info.plist;
				LD_RUNPATH_SEARCH_PATHS = "$(inherited) @executable_path/Frameworks @loader_path/Frameworks";
				PRODUCT_BUNDLE_IDENTIFIER = com.PaperPass.FilterTests;
				PRODUCT_NAME = "$(TARGET_NAME)";
				TEST_HOST = "$(BUILT_PRODUCTS_DIR)/Filter.app/Filter";
			};
			name = Debug;
		};
		B885FA571ECBDCAE000ED7C0 /* Release */ = {
			isa = XCBuildConfiguration;
			buildSettings = {
				BUNDLE_LOADER = "$(TEST_HOST)";
				INFOPLIST_FILE = FilterTests/Info.plist;
				LD_RUNPATH_SEARCH_PATHS = "$(inherited) @executable_path/Frameworks @loader_path/Frameworks";
				PRODUCT_BUNDLE_IDENTIFIER = com.PaperPass.FilterTests;
				PRODUCT_NAME = "$(TARGET_NAME)";
				TEST_HOST = "$(BUILT_PRODUCTS_DIR)/Filter.app/Filter";
			};
			name = Release;
		};
		B885FA591ECBDCAE000ED7C0 /* Debug */ = {
			isa = XCBuildConfiguration;
			buildSettings = {
				INFOPLIST_FILE = FilterUITests/Info.plist;
				LD_RUNPATH_SEARCH_PATHS = "$(inherited) @executable_path/Frameworks @loader_path/Frameworks";
				PRODUCT_BUNDLE_IDENTIFIER = com.PaperPass.FilterUITests;
				PRODUCT_NAME = "$(TARGET_NAME)";
				TEST_TARGET_NAME = Filter;
			};
			name = Debug;
		};
		B885FA5A1ECBDCAE000ED7C0 /* Release */ = {
			isa = XCBuildConfiguration;
			buildSettings = {
				INFOPLIST_FILE = FilterUITests/Info.plist;
				LD_RUNPATH_SEARCH_PATHS = "$(inherited) @executable_path/Frameworks @loader_path/Frameworks";
				PRODUCT_BUNDLE_IDENTIFIER = com.PaperPass.FilterUITests;
				PRODUCT_NAME = "$(TARGET_NAME)";
				TEST_TARGET_NAME = Filter;
			};
			name = Release;
		};
/* End XCBuildConfiguration section */

/* Begin XCConfigurationList section */
		B885FA201ECBDCAE000ED7C0 /* Build configuration list for PBXProject "Filter" */ = {
			isa = XCConfigurationList;
			buildConfigurations = (
				B885FA501ECBDCAE000ED7C0 /* Debug */,
				B885FA511ECBDCAE000ED7C0 /* Release */,
			);
			defaultConfigurationIsVisible = 0;
			defaultConfigurationName = Release;
		};
		B885FA521ECBDCAE000ED7C0 /* Build configuration list for PBXNativeTarget "Filter" */ = {
			isa = XCConfigurationList;
			buildConfigurations = (
				B885FA531ECBDCAE000ED7C0 /* Debug */,
				B885FA541ECBDCAE000ED7C0 /* Release */,
			);
			defaultConfigurationIsVisible = 0;
		};
		B885FA551ECBDCAE000ED7C0 /* Build configuration list for PBXNativeTarget "FilterTests" */ = {
			isa = XCConfigurationList;
			buildConfigurations = (
				B885FA561ECBDCAE000ED7C0 /* Debug */,
				B885FA571ECBDCAE000ED7C0 /* Release */,
			);
			defaultConfigurationIsVisible = 0;
		};
		B885FA581ECBDCAE000ED7C0 /* Build configuration list for PBXNativeTarget "FilterUITests" */ = {
			isa = XCConfigurationList;
			buildConfigurations = (
				B885FA591ECBDCAE000ED7C0 /* Debug */,
				B885FA5A1ECBDCAE000ED7C0 /* Release */,
			);
			defaultConfigurationIsVisible = 0;
		};
/* End XCConfigurationList section */
	};
	rootObject = B885FA1D1ECBDCAE000ED7C0 /* Project object */;
}
